
Microsoft Visual Studio Solution File, Format Version 12.00
# Visual Studio Version 17
VisualStudioVersion = 17.0.31903.59
MinimumVisualStudioVersion = 10.0.40219.1
Project("{FAE04EC0-301F-11D3-BF4B-00C04F79EFBC}") = "CharitySystem", "CharitySystem\CharitySystem.csproj", "{1F930D5A-E2EC-8292-0D26-402AC2BAFD41}"
EndProject
Project("{FAE04EC0-301F-11D3-BF4B-00C04F79EFBC}") = "CharitySystem.WebApi", "CharitySystem.WebApi\CharitySystem.WebApi.csproj", "{505AD01A-DC4C-4A07-8001-A7968DC3C8A9}"
EndProject
Project("{FAE04EC0-301F-11D3-BF4B-00C04F79EFBC}") = "CharitySystem.Client", "CharitySystem.Client\CharitySystem.Client.csproj", "{D1B4918B-98F8-4B1B-8C3B-11FA903320A0}"
EndProject
Project("{FAE04EC0-301F-11D3-BF4B-00C04F79EFBC}") = "CharitySystem_Shared", "CharitySystem_Shared\CharitySystem_Shared.csproj", "{58EEA599-5FF3-48F8-B179-DB18D50CCB2F}"
EndProject
Global
	GlobalSection(SolutionConfigurationPlatforms) = preSolution
		Debug|Any CPU = Debug|Any CPU
		Release|Any CPU = Release|Any CPU
	EndGlobalSection
	GlobalSection(ProjectConfigurationPlatforms) = postSolution
		{1F930D5A-E2EC-8292-0D26-402AC2BAFD41}.Debug|Any CPU.ActiveCfg = Debug|Any CPU
		{1F930D5A-E2EC-8292-0D26-402AC2BAFD41}.Debug|Any CPU.Build.0 = Debug|Any CPU
		{1F930D5A-E2EC-8292-0D26-402AC2BAFD41}.Release|Any CPU.ActiveCfg = Release|Any CPU
		{1F930D5A-E2EC-8292-0D26-402AC2BAFD41}.Release|Any CPU.Build.0 = Release|Any CPU
		{505AD01A-DC4C-4A07-8001-A7968DC3C8A9}.Debug|Any CPU.ActiveCfg = Debug|Any CPU
		{505AD01A-DC4C-4A07-8001-A7968DC3C8A9}.Debug|Any CPU.Build.0 = Debug|Any CPU
		{505AD01A-DC4C-4A07-8001-A7968DC3C8A9}.Release|Any CPU.ActiveCfg = Release|Any CPU
		{505AD01A-DC4C-4A07-8001-A7968DC3C8A9}.Release|Any CPU.Build.0 = Release|Any CPU
		{D1B4918B-98F8-4B1B-8C3B-11FA903320A0}.Debug|Any CPU.ActiveCfg = Debug|Any CPU
		{D1B4918B-98F8-4B1B-8C3B-11FA903320A0}.Debug|Any CPU.Build.0 = Debug|Any CPU
		{D1B4918B-98F8-4B1B-8C3B-11FA903320A0}.Release|Any CPU.ActiveCfg = Release|Any CPU
		{D1B4918B-98F8-4B1B-8C3B-11FA903320A0}.Release|Any CPU.Build.0 = Release|Any CPU
		{58EEA599-5FF3-48F8-B179-DB18D50CCB2F}.Debug|Any CPU.ActiveCfg = Debug|Any CPU
		{58EEA599-5FF3-48F8-B179-DB18D50CCB2F}.Debug|Any CPU.Build.0 = Debug|Any CPU
		{58EEA599-5FF3-48F8-B179-DB18D50CCB2F}.Release|Any CPU.ActiveCfg = Release|Any CPU
		{58EEA599-5FF3-48F8-B179-DB18D50CCB2F}.Release|Any CPU.Build.0 = Release|Any CPU
	EndGlobalSection
	GlobalSection(SolutionProperties) = preSolution
		HideSolutionNode = FALSE
	EndGlobalSection
	GlobalSection(ExtensibilityGlobals) = postSolution
		SolutionGuid = {233678CA-3512-4B4A-B11C-11F0F26321A3}
	EndGlobalSection
EndGlobal
